// !$*UTF8*$!
{
	archiveVersion = 1;
	classes = {
	};
	objectVersion = 56;
	objects = {

/* Begin PBXBuildFile section */
		51D2B7ED2C70F03000B1C3A6 /* JPMorganChallengeApp.swift in Sources */ = {isa = PBXBuildFile; fileRef = 51D2B7EC2C70F03000B1C3A6 /* JPMorganChallengeApp.swift */; };
		51D2B7EF2C70F03000B1C3A6 /* ContentView.swift in Sources */ = {isa = PBXBuildFile; fileRef = 51D2B7EE2C70F03000B1C3A6 /* ContentView.swift */; };
		51D2B7F12C70F03100B1C3A6 /* Assets.xcassets in Resources */ = {isa = PBXBuildFile; fileRef = 51D2B7F02C70F03100B1C3A6 /* Assets.xcassets */; };
		51D2B7F42C70F03100B1C3A6 /* Preview Assets.xcassets in Resources */ = {isa = PBXBuildFile; fileRef = 51D2B7F32C70F03100B1C3A6 /* Preview Assets.xcassets */; };
		51D2B7FE2C70F03100B1C3A6 /* JPMorganChallengeTests.swift in Sources */ = {isa = PBXBuildFile; fileRef = 51D2B7FD2C70F03100B1C3A6 /* JPMorganChallengeTests.swift */; };
		51D2B8082C70F03100B1C3A6 /* JPMorganChallengeUITests.swift in Sources */ = {isa = PBXBuildFile; fileRef = 51D2B8072C70F03100B1C3A6 /* JPMorganChallengeUITests.swift */; };
		51D2B80A2C70F03100B1C3A6 /* JPMorganChallengeUITestsLaunchTests.swift in Sources */ = {isa = PBXBuildFile; fileRef = 51D2B8092C70F03100B1C3A6 /* JPMorganChallengeUITestsLaunchTests.swift */; };
/* End PBXBuildFile section */

/* Begin PBXContainerItemProxy section */
		51D2B7FA2C70F03100B1C3A6 /* PBXContainerItemProxy */ = {
			isa = PBXContainerItemProxy;
			containerPortal = 51D2B7E12C70F03000B1C3A6 /* Project object */;
			proxyType = 1;
			remoteGlobalIDString = 51D2B7E82C70F03000B1C3A6;
			remoteInfo = JPMorganChallenge;
		};
		51D2B8042C70F03100B1C3A6 /* PBXContainerItemProxy */ = {
			isa = PBXContainerItemProxy;
			containerPortal = 51D2B7E12C70F03000B1C3A6 /* Project object */;
			proxyType = 1;
			remoteGlobalIDString = 51D2B7E82C70F03000B1C3A6;
			remoteInfo = JPMorganChallenge;
		};
/* End PBXContainerItemProxy section */

/* Begin PBXFileReference section */
		51D2B7E92C70F03000B1C3A6 /* JPMorganChallenge.app */ = {isa = PBXFileReference; explicitFileType = wrapper.application; includeInIndex = 0; path = JPMorganChallenge.app; sourceTree = BUILT_PRODUCTS_DIR; };
		51D2B7EC2C70F03000B1C3A6 /* JPMorganChallengeApp.swift */ = {isa = PBXFileReference; lastKnownFileType = sourcecode.swift; path = JPMorganChallengeApp.swift; sourceTree = "<group>"; };
		51D2B7EE2C70F03000B1C3A6 /* ContentView.swift */ = {isa = PBXFileReference; lastKnownFileType = sourcecode.swift; path = ContentView.swift; sourceTree = "<group>"; };
		51D2B7F02C70F03100B1C3A6 /* Assets.xcassets */ = {isa = PBXFileReference; lastKnownFileType = folder.assetcatalog; path = Assets.xcassets; sourceTree = "<group>"; };
		51D2B7F32C70F03100B1C3A6 /* Preview Assets.xcassets */ = {isa = PBXFileReference; lastKnownFileType = folder.assetcatalog; path = "Preview Assets.xcassets"; sourceTree = "<group>"; };
		51D2B7F92C70F03100B1C3A6 /* JPMorganChallengeTests.xctest */ = {isa = PBXFileReference; explicitFileType = wrapper.cfbundle; includeInIndex = 0; path = JPMorganChallengeTests.xctest; sourceTree = BUILT_PRODUCTS_DIR; };
		51D2B7FD2C70F03100B1C3A6 /* JPMorganChallengeTests.swift */ = {isa = PBXFileReference; lastKnownFileType = sourcecode.swift; path = JPMorganChallengeTests.swift; sourceTree = "<group>"; };
		51D2B8032C70F03100B1C3A6 /* JPMorganChallengeUITests.xctest */ = {isa = PBXFileReference; explicitFileType = wrapper.cfbundle; includeInIndex = 0; path = JPMorganChallengeUITests.xctest; sourceTree = BUILT_PRODUCTS_DIR; };
		51D2B8072C70F03100B1C3A6 /* JPMorganChallengeUITests.swift */ = {isa = PBXFileReference; lastKnownFileType = sourcecode.swift; path = JPMorganChallengeUITests.swift; sourceTree = "<group>"; };
		51D2B8092C70F03100B1C3A6 /* JPMorganChallengeUITestsLaunchTests.swift */ = {isa = PBXFileReference; lastKnownFileType = sourcecode.swift; path = JPMorganChallengeUITestsLaunchTests.swift; sourceTree = "<group>"; };
/* End PBXFileReference section */

/* Begin PBXFrameworksBuildPhase section */
		51D2B7E62C70F03000B1C3A6 /* Frameworks */ = {
			isa = PBXFrameworksBuildPhase;
			buildActionMask = 2147483647;
			files = (
			);
			runOnlyForDeploymentPostprocessing = 0;
		};
		51D2B7F62C70F03100B1C3A6 /* Frameworks */ = {
			isa = PBXFrameworksBuildPhase;
			buildActionMask = 2147483647;
			files = (
			);
			runOnlyForDeploymentPostprocessing = 0;
		};
		51D2B8002C70F03100B1C3A6 /* Frameworks */ = {
			isa = PBXFrameworksBuildPhase;
			buildActionMask = 2147483647;
			files = (
			);
			runOnlyForDeploymentPostprocessing = 0;
		};
/* End PBXFrameworksBuildPhase section */

/* Begin PBXGroup section */
		51D2B7E02C70F03000B1C3A6 = {
			isa = PBXGroup;
			children = (
				51D2B7EB2C70F03000B1C3A6 /* JPMorganChallenge */,
				51D2B7FC2C70F03100B1C3A6 /* JPMorganChallengeTests */,
				51D2B8062C70F03100B1C3A6 /* JPMorganChallengeUITests */,
				51D2B7EA2C70F03000B1C3A6 /* Products */,
			);
			sourceTree = "<group>";
		};
		51D2B7EA2C70F03000B1C3A6 /* Products */ = {
			isa = PBXGroup;
			children = (
				51D2B7E92C70F03000B1C3A6 /* JPMorganChallenge.app */,
				51D2B7F92C70F03100B1C3A6 /* JPMorganChallengeTests.xctest */,
				51D2B8032C70F03100B1C3A6 /* JPMorganChallengeUITests.xctest */,
			);
			name = Products;
			sourceTree = "<group>";
		};
		51D2B7EB2C70F03000B1C3A6 /* JPMorganChallenge */ = {
			isa = PBXGroup;
			children = (
				51D2B7EC2C70F03000B1C3A6 /* JPMorganChallengeApp.swift */,
				51D2B7EE2C70F03000B1C3A6 /* ContentView.swift */,
				51D2B7F02C70F03100B1C3A6 /* Assets.xcassets */,
				51D2B7F22C70F03100B1C3A6 /* Preview Content */,
			);
			path = JPMorganChallenge;
			sourceTree = "<group>";
		};
		51D2B7F22C70F03100B1C3A6 /* Preview Content */ = {
			isa = PBXGroup;
			children = (
				51D2B7F32C70F03100B1C3A6 /* Preview Assets.xcassets */,
			);
			path = "Preview Content";
			sourceTree = "<group>";
		};
		51D2B7FC2C70F03100B1C3A6 /* JPMorganChallengeTests */ = {
			isa = PBXGroup;
			children = (
				51D2B7FD2C70F03100B1C3A6 /* JPMorganChallengeTests.swift */,
			);
			path = JPMorganChallengeTests;
			sourceTree = "<group>";
		};
		51D2B8062C70F03100B1C3A6 /* JPMorganChallengeUITests */ = {
			isa = PBXGroup;
			children = (
				51D2B8072C70F03100B1C3A6 /* JPMorganChallengeUITests.swift */,
				51D2B8092C70F03100B1C3A6 /* JPMorganChallengeUITestsLaunchTests.swift */,
			);
			path = JPMorganChallengeUITests;
			sourceTree = "<group>";
		};
/* End PBXGroup section */

/* Begin PBXNativeTarget section */
		51D2B7E82C70F03000B1C3A6 /* JPMorganChallenge */ = {
			isa = PBXNativeTarget;
			buildConfigurationList = 51D2B80D2C70F03100B1C3A6 /* Build configuration list for PBXNativeTarget "JPMorganChallenge" */;
			buildPhases = (
				51D2B7E52C70F03000B1C3A6 /* Sources */,
				51D2B7E62C70F03000B1C3A6 /* Frameworks */,
				51D2B7E72C70F03000B1C3A6 /* Resources */,
			);
			buildRules = (
			);
			dependencies = (
			);
			name = JPMorganChallenge;
			productName = JPMorganChallenge;
			productReference = 51D2B7E92C70F03000B1C3A6 /* JPMorganChallenge.app */;
			productType = "com.apple.product-type.application";
		};
		51D2B7F82C70F03100B1C3A6 /* JPMorganChallengeTests */ = {
			isa = PBXNativeTarget;
			buildConfigurationList = 51D2B8102C70F03100B1C3A6 /* Build configuration list for PBXNativeTarget "JPMorganChallengeTests" */;
			buildPhases = (
				51D2B7F52C70F03100B1C3A6 /* Sources */,
				51D2B7F62C70F03100B1C3A6 /* Frameworks */,
				51D2B7F72C70F03100B1C3A6 /* Resources */,
			);
			buildRules = (
			);
			dependencies = (
				51D2B7FB2C70F03100B1C3A6 /* PBXTargetDependency */,
			);
			name = JPMorganChallengeTests;
			productName = JPMorganChallengeTests;
			productReference = 51D2B7F92C70F03100B1C3A6 /* JPMorganChallengeTests.xctest */;
			productType = "com.apple.product-type.bundle.unit-test";
		};
		51D2B8022C70F03100B1C3A6 /* JPMorganChallengeUITests */ = {
			isa = PBXNativeTarget;
			buildConfigurationList = 51D2B8132C70F03100B1C3A6 /* Build configuration list for PBXNativeTarget "JPMorganChallengeUITests" */;
			buildPhases = (
				51D2B7FF2C70F03100B1C3A6 /* Sources */,
				51D2B8002C70F03100B1C3A6 /* Frameworks */,
				51D2B8012C70F03100B1C3A6 /* Resources */,
			);
			buildRules = (
			);
			dependencies = (
				51D2B8052C70F03100B1C3A6 /* PBXTargetDependency */,
			);
			name = JPMorganChallengeUITests;
			productName = JPMorganChallengeUITests;
			productReference = 51D2B8032C70F03100B1C3A6 /* JPMorganChallengeUITests.xctest */;
			productType = "com.apple.product-type.bundle.ui-testing";
		};
/* End PBXNativeTarget section */

/* Begin PBXProject section */
		51D2B7E12C70F03000B1C3A6 /* Project object */ = {
			isa = PBXProject;
			attributes = {
				BuildIndependentTargetsInParallel = 1;
				LastSwiftUpdateCheck = 1540;
				LastUpgradeCheck = 1540;
				TargetAttributes = {
					51D2B7E82C70F03000B1C3A6 = {
						CreatedOnToolsVersion = 15.4;
					};
					51D2B7F82C70F03100B1C3A6 = {
						CreatedOnToolsVersion = 15.4;
						TestTargetID = 51D2B7E82C70F03000B1C3A6;
					};
					51D2B8022C70F03100B1C3A6 = {
						CreatedOnToolsVersion = 15.4;
						TestTargetID = 51D2B7E82C70F03000B1C3A6;
					};
				};
			};
			buildConfigurationList = 51D2B7E42C70F03000B1C3A6 /* Build configuration list for PBXProject "JPMorganChallenge" */;
			compatibilityVersion = "Xcode 14.0";
			developmentRegion = en;
			hasScannedForEncodings = 0;
			knownRegions = (
				en,
				Base,
			);
			mainGroup = 51D2B7E02C70F03000B1C3A6;
			productRefGroup = 51D2B7EA2C70F03000B1C3A6 /* Products */;
			projectDirPath = "";
			projectRoot = "";
			targets = (
				51D2B7E82C70F03000B1C3A6 /* JPMorganChallenge */,
				51D2B7F82C70F03100B1C3A6 /* JPMorganChallengeTests */,
				51D2B8022C70F03100B1C3A6 /* JPMorganChallengeUITests */,
			);
		};
/* End PBXProject section */

/* Begin PBXResourcesBuildPhase section */
		51D2B7E72C70F03000B1C3A6 /* Resources */ = {
			isa = PBXResourcesBuildPhase;
			buildActionMask = 2147483647;
			files = (
				51D2B7F42C70F03100B1C3A6 /* Preview Assets.xcassets in Resources */,
				51D2B7F12C70F03100B1C3A6 /* Assets.xcassets in Resources */,
			);
			runOnlyForDeploymentPostprocessing = 0;
		};
		51D2B7F72C70F03100B1C3A6 /* Resources */ = {
			isa = PBXResourcesBuildPhase;
			buildActionMask = 2147483647;
			files = (
			);
			runOnlyForDeploymentPostprocessing = 0;
		};
		51D2B8012C70F03100B1C3A6 /* Resources */ = {
			isa = PBXResourcesBuildPhase;
			buildActionMask = 2147483647;
			files = (
			);
			runOnlyForDeploymentPostprocessing = 0;
		};
/* End PBXResourcesBuildPhase section */

/* Begin PBXSourcesBuildPhase section */
		51D2B7E52C70F03000B1C3A6 /* Sources */ = {
			isa = PBXSourcesBuildPhase;
			buildActionMask = 2147483647;
			files = (
				51D2B7EF2C70F03000B1C3A6 /* ContentView.swift in Sources */,
				51D2B7ED2C70F03000B1C3A6 /* JPMorganChallengeApp.swift in Sources */,
			);
			runOnlyForDeploymentPostprocessing = 0;
		};
		51D2B7F52C70F03100B1C3A6 /* Sources */ = {
			isa = PBXSourcesBuildPhase;
			buildActionMask = 2147483647;
			files = (
				51D2B7FE2C70F03100B1C3A6 /* JPMorganChallengeTests.swift in Sources */,
			);
			runOnlyForDeploymentPostprocessing = 0;
		};
		51D2B7FF2C70F03100B1C3A6 /* Sources */ = {
			isa = PBXSourcesBuildPhase;
			buildActionMask = 2147483647;
			files = (
				51D2B80A2C70F03100B1C3A6 /* JPMorganChallengeUITestsLaunchTests.swift in Sources */,
				51D2B8082C70F03100B1C3A6 /* JPMorganChallengeUITests.swift in Sources */,
			);
			runOnlyForDeploymentPostprocessing = 0;
		};
/* End PBXSourcesBuildPhase section */

/* Begin PBXTargetDependency section */
		51D2B7FB2C70F03100B1C3A6 /* PBXTargetDependency */ = {
			isa = PBXTargetDependency;
			target = 51D2B7E82C70F03000B1C3A6 /* JPMorganChallenge */;
			targetProxy = 51D2B7FA2C70F03100B1C3A6 /* PBXContainerItemProxy */;
		};
		51D2B8052C70F03100B1C3A6 /* PBXTargetDependency */ = {
			isa = PBXTargetDependency;
			target = 51D2B7E82C70F03000B1C3A6 /* JPMorganChallenge */;
			targetProxy = 51D2B8042C70F03100B1C3A6 /* PBXContainerItemProxy */;
		};
/* End PBXTargetDependency section */

/* Begin XCBuildConfiguration section */
		51D2B80B2C70F03100B1C3A6 /* Debug */ = {
			isa = XCBuildConfiguration;
			buildSettings = {
				ALWAYS_SEARCH_USER_PATHS = NO;
				ASSETCATALOG_COMPILER_GENERATE_SWIFT_ASSET_SYMBOL_EXTENSIONS = YES;
				CLANG_ANALYZER_NONNULL = YES;
				CLANG_ANALYZER_NUMBER_OBJECT_CONVERSION = YES_AGGRESSIVE;
				CLANG_CXX_LANGUAGE_STANDARD = "gnu++20";
				CLANG_ENABLE_MODULES = YES;
				CLANG_ENABLE_OBJC_ARC = YES;
				CLANG_ENABLE_OBJC_WEAK = YES;
				CLANG_WARN_BLOCK_CAPTURE_AUTORELEASING = YES;
				CLANG_WARN_BOOL_CONVERSION = YES;
				CLANG_WARN_COMMA = YES;
				CLANG_WARN_CONSTANT_CONVERSION = YES;
				CLANG_WARN_DEPRECATED_OBJC_IMPLEMENTATIONS = YES;
				CLANG_WARN_DIRECT_OBJC_ISA_USAGE = YES_ERROR;
				CLANG_WARN_DOCUMENTATION_COMMENTS = YES;
				CLANG_WARN_EMPTY_BODY = YES;
				CLANG_WARN_ENUM_CONVERSION = YES;
				CLANG_WARN_INFINITE_RECURSION = YES;
				CLANG_WARN_INT_CONVERSION = YES;
				CLANG_WARN_NON_LITERAL_NULL_CONVERSION = YES;
				CLANG_WARN_OBJC_IMPLICIT_RETAIN_SELF = YES;
				CLANG_WARN_OBJC_LITERAL_CONVERSION = YES;
				CLANG_WARN_OBJC_ROOT_CLASS = YES_ERROR;
				CLANG_WARN_QUOTED_INCLUDE_IN_FRAMEWORK_HEADER = YES;
				CLANG_WARN_RANGE_LOOP_ANALYSIS = YES;
				CLANG_WARN_STRICT_PROTOTYPES = YES;
				CLANG_WARN_SUSPICIOUS_MOVE = YES;
				CLANG_WARN_UNGUARDED_AVAILABILITY = YES_AGGRESSIVE;
				CLANG_WARN_UNREACHABLE_CODE = YES;
				CLANG_WARN__DUPLICATE_METHOD_MATCH = YES;
				COPY_PHASE_STRIP = NO;
				DEBUG_INFORMATION_FORMAT = dwarf;
				ENABLE_STRICT_OBJC_MSGSEND = YES;
				ENABLE_TESTABILITY = YES;
				ENABLE_USER_SCRIPT_SANDBOXING = YES;
				GCC_C_LANGUAGE_STANDARD = gnu17;
				GCC_DYNAMIC_NO_PIC = NO;
				GCC_NO_COMMON_BLOCKS = YES;
				GCC_OPTIMIZATION_LEVEL = 0;
				GCC_PREPROCESSOR_DEFINITIONS = (
					"DEBUG=1",
					"$(inherited)",
				);
				GCC_WARN_64_TO_32_BIT_CONVERSION = YES;
				GCC_WARN_ABOUT_RETURN_TYPE = YES_ERROR;
				GCC_WARN_UNDECLARED_SELECTOR = YES;
				GCC_WARN_UNINITIALIZED_AUTOS = YES_AGGRESSIVE;
				GCC_WARN_UNUSED_FUNCTION = YES;
				GCC_WARN_UNUSED_VARIABLE = YES;
				IPHONEOS_DEPLOYMENT_TARGET = 17.5;
				LOCALIZATION_PREFERS_STRING_CATALOGS = YES;
				MTL_ENABLE_DEBUG_INFO = INCLUDE_SOURCE;
				MTL_FAST_MATH = YES;
				ONLY_ACTIVE_ARCH = YES;
				SDKROOT = iphoneos;
				SWIFT_ACTIVE_COMPILATION_CONDITIONS = "DEBUG $(inherited)";
				SWIFT_OPTIMIZATION_LEVEL = "-Onone";
			};
			name = Debug;
		};
		51D2B80C2C70F03100B1C3A6 /* Release */ = {
			isa = XCBuildConfiguration;
			buildSettings = {
				ALWAYS_SEARCH_USER_PATHS = NO;
				ASSETCATALOG_COMPILER_GENERATE_SWIFT_ASSET_SYMBOL_EXTENSIONS = YES;
				CLANG_ANALYZER_NONNULL = YES;
				CLANG_ANALYZER_NUMBER_OBJECT_CONVERSION = YES_AGGRESSIVE;
				CLANG_CXX_LANGUAGE_STANDARD = "gnu++20";
				CLANG_ENABLE_MODULES = YES;
				CLANG_ENABLE_OBJC_ARC = YES;
				CLANG_ENABLE_OBJC_WEAK = YES;
				CLANG_WARN_BLOCK_CAPTURE_AUTORELEASING = YES;
				CLANG_WARN_BOOL_CONVERSION = YES;
				CLANG_WARN_COMMA = YES;
				CLANG_WARN_CONSTANT_CONVERSION = YES;
				CLANG_WARN_DEPRECATED_OBJC_IMPLEMENTATIONS = YES;
				CLANG_WARN_DIRECT_OBJC_ISA_USAGE = YES_ERROR;
				CLANG_WARN_DOCUMENTATION_COMMENTS = YES;
				CLANG_WARN_EMPTY_BODY = YES;
				CLANG_WARN_ENUM_CONVERSION = YES;
				CLANG_WARN_INFINITE_RECURSION = YES;
				CLANG_WARN_INT_CONVERSION = YES;
				CLANG_WARN_NON_LITERAL_NULL_CONVERSION = YES;
				CLANG_WARN_OBJC_IMPLICIT_RETAIN_SELF = YES;
				CLANG_WARN_OBJC_LITERAL_CONVERSION = YES;
				CLANG_WARN_OBJC_ROOT_CLASS = YES_ERROR;
				CLANG_WARN_QUOTED_INCLUDE_IN_FRAMEWORK_HEADER = YES;
				CLANG_WARN_RANGE_LOOP_ANALYSIS = YES;
				CLANG_WARN_STRICT_PROTOTYPES = YES;
				CLANG_WARN_SUSPICIOUS_MOVE = YES;
				CLANG_WARN_UNGUARDED_AVAILABILITY = YES_AGGRESSIVE;
				CLANG_WARN_UNREACHABLE_CODE = YES;
				CLANG_WARN__DUPLICATE_METHOD_MATCH = YES;
				COPY_PHASE_STRIP = NO;
				DEBUG_INFORMATION_FORMAT = "dwarf-with-dsym";
				ENABLE_NS_ASSERTIONS = NO;
				ENABLE_STRICT_OBJC_MSGSEND = YES;
				ENABLE_USER_SCRIPT_SANDBOXING = YES;
				GCC_C_LANGUAGE_STANDARD = gnu17;
				GCC_NO_COMMON_BLOCKS = YES;
				GCC_WARN_64_TO_32_BIT_CONVERSION = YES;
				GCC_WARN_ABOUT_RETURN_TYPE = YES_ERROR;
				GCC_WARN_UNDECLARED_SELECTOR = YES;
				GCC_WARN_UNINITIALIZED_AUTOS = YES_AGGRESSIVE;
				GCC_WARN_UNUSED_FUNCTION = YES;
				GCC_WARN_UNUSED_VARIABLE = YES;
				IPHONEOS_DEPLOYMENT_TARGET = 17.5;
				LOCALIZATION_PREFERS_STRING_CATALOGS = YES;
				MTL_ENABLE_DEBUG_INFO = NO;
				MTL_FAST_MATH = YES;
				SDKROOT = iphoneos;
				SWIFT_COMPILATION_MODE = wholemodule;
				VALIDATE_PRODUCT = YES;
			};
			name = Release;
		};
		51D2B80E2C70F03100B1C3A6 /* Debug */ = {
			isa = XCBuildConfiguration;
			buildSettings = {
				ASSETCATALOG_COMPILER_APPICON_NAME = AppIcon;
				ASSETCATALOG_COMPILER_GLOBAL_ACCENT_COLOR_NAME = AccentColor;
				CODE_SIGN_STYLE = Automatic;
				CURRENT_PROJECT_VERSION = 1;
				DEVELOPMENT_ASSET_PATHS = "\"JPMorganChallenge/Preview Content\"";
				ENABLE_PREVIEWS = YES;
				GENERATE_INFOPLIST_FILE = YES;
				INFOPLIST_KEY_UIApplicationSceneManifest_Generation = YES;
				INFOPLIST_KEY_UIApplicationSupportsIndirectInputEvents = YES;
				INFOPLIST_KEY_UILaunchScreen_Generation = YES;
				INFOPLIST_KEY_UISupportedInterfaceOrientations_iPad = "UIInterfaceOrientationPortrait UIInterfaceOrientationPortraitUpsideDown UIInterfaceOrientationLandscapeLeft UIInterfaceOrientationLandscapeRight";
				INFOPLIST_KEY_UISupportedInterfaceOrientations_iPhone = "UIInterfaceOrientationPortrait UIInterfaceOrientationLandscapeLeft UIInterfaceOrientationLandscapeRight";
				LD_RUNPATH_SEARCH_PATHS = (
					"$(inherited)",
					"@executable_path/Frameworks",
				);
				MARKETING_VERSION = 1.0;
				PRODUCT_BUNDLE_IDENTIFIER = com.abdulrtech.JPMorganChallenge;
				PRODUCT_NAME = "$(TARGET_NAME)";
				SWIFT_EMIT_LOC_STRINGS = YES;
				SWIFT_VERSION = 5.0;
				TARGETED_DEVICE_FAMILY = "1,2";
			};
			name = Debug;
		};
		51D2B80F2C70F03100B1C3A6 /* Release */ = {
			isa = XCBuildConfiguration;
			buildSettings = {
				ASSETCATALOG_COMPILER_APPICON_NAME = AppIcon;
				ASSETCATALOG_COMPILER_GLOBAL_ACCENT_COLOR_NAME = AccentColor;
				CODE_SIGN_STYLE = Automatic;
				CURRENT_PROJECT_VERSION = 1;
				DEVELOPMENT_ASSET_PATHS = "\"JPMorganChallenge/Preview Content\"";
				ENABLE_PREVIEWS = YES;
				GENERATE_INFOPLIST_FILE = YES;
				INFOPLIST_KEY_UIApplicationSceneManifest_Generation = YES;
				INFOPLIST_KEY_UIApplicationSupportsIndirectInputEvents = YES;
				INFOPLIST_KEY_UILaunchScreen_Generation = YES;
				INFOPLIST_KEY_UISupportedInterfaceOrientations_iPad = "UIInterfaceOrientationPortrait UIInterfaceOrientationPortraitUpsideDown UIInterfaceOrientationLandscapeLeft UIInterfaceOrientationLandscapeRight";
				INFOPLIST_KEY_UISupportedInterfaceOrientations_iPhone = "UIInterfaceOrientationPortrait UIInterfaceOrientationLandscapeLeft UIInterfaceOrientationLandscapeRight";
				LD_RUNPATH_SEARCH_PATHS = (
					"$(inherited)",
					"@executable_path/Frameworks",
				);
				MARKETING_VERSION = 1.0;
				PRODUCT_BUNDLE_IDENTIFIER = com.abdulrtech.JPMorganChallenge;
				PRODUCT_NAME = "$(TARGET_NAME)";
				SWIFT_EMIT_LOC_STRINGS = YES;
				SWIFT_VERSION = 5.0;
				TARGETED_DEVICE_FAMILY = "1,2";
			};
			name = Release;
		};
		51D2B8112C70F03100B1C3A6 /* Debug */ = {
			isa = XCBuildConfiguration;
			buildSettings = {
				ALWAYS_EMBED_SWIFT_STANDARD_LIBRARIES = YES;
				BUNDLE_LOADER = "$(TEST_HOST)";
				CODE_SIGN_STYLE = Automatic;
				CURRENT_PROJECT_VERSION = 1;
				GENERATE_INFOPLIST_FILE = YES;
				IPHONEOS_DEPLOYMENT_TARGET = 17.5;
				MARKETING_VERSION = 1.0;
				PRODUCT_BUNDLE_IDENTIFIER = com.abdulrtech.JPMorganChallengeTests;
				PRODUCT_NAME = "$(TARGET_NAME)";
				SWIFT_EMIT_LOC_STRINGS = NO;
				SWIFT_VERSION = 5.0;
				TARGETED_DEVICE_FAMILY = "1,2";
				TEST_HOST = "$(BUILT_PRODUCTS_DIR)/JPMorganChallenge.app/$(BUNDLE_EXECUTABLE_FOLDER_PATH)/JPMorganChallenge";
			};
			name = Debug;
		};
		51D2B8122C70F03100B1C3A6 /* Release */ = {
			isa = XCBuildConfiguration;
			buildSettings = {
				ALWAYS_EMBED_SWIFT_STANDARD_LIBRARIES = YES;
				BUNDLE_LOADER = "$(TEST_HOST)";
				CODE_SIGN_STYLE = Automatic;
				CURRENT_PROJECT_VERSION = 1;
				GENERATE_INFOPLIST_FILE = YES;
				IPHONEOS_DEPLOYMENT_TARGET = 17.5;
				MARKETING_VERSION = 1.0;
				PRODUCT_BUNDLE_IDENTIFIER = com.abdulrtech.JPMorganChallengeTests;
				PRODUCT_NAME = "$(TARGET_NAME)";
				SWIFT_EMIT_LOC_STRINGS = NO;
				SWIFT_VERSION = 5.0;
				TARGETED_DEVICE_FAMILY = "1,2";
				TEST_HOST = "$(BUILT_PRODUCTS_DIR)/JPMorganChallenge.app/$(BUNDLE_EXECUTABLE_FOLDER_PATH)/JPMorganChallenge";
			};
			name = Release;
		};
		51D2B8142C70F03100B1C3A6 /* Debug */ = {
			isa = XCBuildConfiguration;
			buildSettings = {
				ALWAYS_EMBED_SWIFT_STANDARD_LIBRARIES = YES;
				CODE_SIGN_STYLE = Automatic;
				CURRENT_PROJECT_VERSION = 1;
				GENERATE_INFOPLIST_FILE = YES;
				MARKETING_VERSION = 1.0;
				PRODUCT_BUNDLE_IDENTIFIER = com.abdulrtech.JPMorganChallengeUITests;
				PRODUCT_NAME = "$(TARGET_NAME)";
				SWIFT_EMIT_LOC_STRINGS = NO;
				SWIFT_VERSION = 5.0;
				TARGETED_DEVICE_FAMILY = "1,2";
				TEST_TARGET_NAME = JPMorganChallenge;
			};
			name = Debug;
		};
		51D2B8152C70F03100B1C3A6 /* Release */ = {
			isa = XCBuildConfiguration;
			buildSettings = {
				ALWAYS_EMBED_SWIFT_STANDARD_LIBRARIES = YES;
				CODE_SIGN_STYLE = Automatic;
				CURRENT_PROJECT_VERSION = 1;
				GENERATE_INFOPLIST_FILE = YES;
				MARKETING_VERSION = 1.0;
				PRODUCT_BUNDLE_IDENTIFIER = com.abdulrtech.JPMorganChallengeUITests;
				PRODUCT_NAME = "$(TARGET_NAME)";
				SWIFT_EMIT_LOC_STRINGS = NO;
				SWIFT_VERSION = 5.0;
				TARGETED_DEVICE_FAMILY = "1,2";
				TEST_TARGET_NAME = JPMorganChallenge;
			};
			name = Release;
		};
/* End XCBuildConfiguration section */

/* Begin XCConfigurationList section */
		51D2B7E42C70F03000B1C3A6 /* Build configuration list for PBXProject "JPMorganChallenge" */ = {
			isa = XCConfigurationList;
			buildConfigurations = (
				51D2B80B2C70F03100B1C3A6 /* Debug */,
				51D2B80C2C70F03100B1C3A6 /* Release */,
			);
			defaultConfigurationIsVisible = 0;
			defaultConfigurationName = Release;
		};
		51D2B80D2C70F03100B1C3A6 /* Build configuration list for PBXNativeTarget "JPMorganChallenge" */ = {
			isa = XCConfigurationList;
			buildConfigurations = (
				51D2B80E2C70F03100B1C3A6 /* Debug */,
				51D2B80F2C70F03100B1C3A6 /* Release */,
			);
			defaultConfigurationIsVisible = 0;
			defaultConfigurationName = Release;
		};
		51D2B8102C70F03100B1C3A6 /* Build configuration list for PBXNativeTarget "JPMorganChallengeTests" */ = {
			isa = XCConfigurationList;
			buildConfigurations = (
				51D2B8112C70F03100B1C3A6 /* Debug */,
				51D2B8122C70F03100B1C3A6 /* Release */,
			);
			defaultConfigurationIsVisible = 0;
			defaultConfigurationName = Release;
		};
		51D2B8132C70F03100B1C3A6 /* Build configuration list for PBXNativeTarget "JPMorganChallengeUITests" */ = {
			isa = XCConfigurationList;
			buildConfigurations = (
				51D2B8142C70F03100B1C3A6 /* Debug */,
				51D2B8152C70F03100B1C3A6 /* Release */,
			);
			defaultConfigurationIsVisible = 0;
			defaultConfigurationName = Release;
		};
/* End XCConfigurationList section */
	};
	rootObject = 51D2B7E12C70F03000B1C3A6 /* Project object */;
}
